
Microsoft Visual Studio Solution File, Format Version 12.00
# Visual Studio Version 17
VisualStudioVersion = 17.3.32825.248
MinimumVisualStudioVersion = 10.0.40219.1
Project("{FAE04EC0-301F-11D3-BF4B-00C04F79EFBC}") = "MISA.HUST.21H.2022.API", "MISA.HUST.21H.2022.API\MISA.HUST.21H.2022.API.csproj", "{343150E1-FF05-4153-9EAA-44D8BAC352E2}"
EndProject
Global
	GlobalSection(SolutionConfigurationPlatforms) = preSolution
		Debug|Any CPU = Debug|Any CPU
		Release|Any CPU = Release|Any CPU
	EndGlobalSection
	GlobalSection(ProjectConfigurationPlatforms) = postSolution
		{343150E1-FF05-4153-9EAA-44D8BAC352E2}.Debug|Any CPU.ActiveCfg = Debug|Any CPU
		{343150E1-FF05-4153-9EAA-44D8BAC352E2}.Debug|Any CPU.Build.0 = Debug|Any CPU
		{343150E1-FF05-4153-9EAA-44D8BAC352E2}.Release|Any CPU.ActiveCfg = Release|Any CPU
		{343150E1-FF05-4153-9EAA-44D8BAC352E2}.Release|Any CPU.Build.0 = Release|Any CPU
	EndGlobalSection
	GlobalSection(SolutionProperties) = preSolution
		HideSolutionNode = FALSE
	EndGlobalSection
	GlobalSection(ExtensibilityGlobals) = postSolution
		SolutionGuid = {38D8A0C2-434B-4EC0-8D21-C095FC8C131D}
	EndGlobalSection
EndGlobal
